// !$*UTF8*$!
{
	archiveVersion = 1;
	classes = {
	};
	objectVersion = 46;
	objects = {

/* Begin PBXBuildFile section */
		FE6459B21B2C8C61004F8674 /* main.m in Sources */ = {isa = PBXBuildFile; fileRef = FE6459B11B2C8C61004F8674 /* main.m */; };
		FE6459B51B2C8C61004F8674 /* AppDelegate.m in Sources */ = {isa = PBXBuildFile; fileRef = FE6459B41B2C8C61004F8674 /* AppDelegate.m */; };
		FE6459B81B2C8C61004F8674 /* ViewController.m in Sources */ = {isa = PBXBuildFile; fileRef = FE6459B71B2C8C61004F8674 /* ViewController.m */; };
		FE6459BB1B2C8C61004F8674 /* Main.storyboard in Resources */ = {isa = PBXBuildFile; fileRef = FE6459B91B2C8C61004F8674 /* Main.storyboard */; };
		FE6459BD1B2C8C61004F8674 /* Images.xcassets in Resources */ = {isa = PBXBuildFile; fileRef = FE6459BC1B2C8C61004F8674 /* Images.xcassets */; };
		FE6459C01B2C8C61004F8674 /* LaunchScreen.xib in Resources */ = {isa = PBXBuildFile; fileRef = FE6459BE1B2C8C61004F8674 /* LaunchScreen.xib */; };
		FE6459CC1B2C8C61004F8674 /* TnEObjectiveCHelpersTests.m in Sources */ = {isa = PBXBuildFile; fileRef = FE6459CB1B2C8C61004F8674 /* TnEObjectiveCHelpersTests.m */; };
		FE6459E61B2D4C04004F8674 /* UIColor+TnE.m in Sources */ = {isa = PBXBuildFile; fileRef = FE6459E51B2D4C04004F8674 /* UIColor+TnE.m */; };
		FED714981B2E971A0023BD3A /* NSString+TnE.m in Sources */ = {isa = PBXBuildFile; fileRef = FED714971B2E971A0023BD3A /* NSString+TnE.m */; };
/* End PBXBuildFile section */

/* Begin PBXContainerItemProxy section */
		FE6459C61B2C8C61004F8674 /* PBXContainerItemProxy */ = {
			isa = PBXContainerItemProxy;
			containerPortal = FE6459A41B2C8C61004F8674 /* Project object */;
			proxyType = 1;
			remoteGlobalIDString = FE6459AB1B2C8C61004F8674;
			remoteInfo = TnEObjectiveCHelpers;
		};
/* End PBXContainerItemProxy section */

/* Begin PBXFileReference section */
		FE6459AC1B2C8C61004F8674 /* TnEObjectiveCHelpers.app */ = {isa = PBXFileReference; explicitFileType = wrapper.application; includeInIndex = 0; path = TnEObjectiveCHelpers.app; sourceTree = BUILT_PRODUCTS_DIR; };
		FE6459B01B2C8C61004F8674 /* Info.plist */ = {isa = PBXFileReference; lastKnownFileType = text.plist.xml; path = Info.plist; sourceTree = "<group>"; };
		FE6459B11B2C8C61004F8674 /* main.m */ = {isa = PBXFileReference; lastKnownFileType = sourcecode.c.objc; path = main.m; sourceTree = "<group>"; };
		FE6459B31B2C8C61004F8674 /* AppDelegate.h */ = {isa = PBXFileReference; lastKnownFileType = sourcecode.c.h; path = AppDelegate.h; sourceTree = "<group>"; };
		FE6459B41B2C8C61004F8674 /* AppDelegate.m */ = {isa = PBXFileReference; lastKnownFileType = sourcecode.c.objc; path = AppDelegate.m; sourceTree = "<group>"; };
		FE6459B61B2C8C61004F8674 /* ViewController.h */ = {isa = PBXFileReference; lastKnownFileType = sourcecode.c.h; path = ViewController.h; sourceTree = "<group>"; };
		FE6459B71B2C8C61004F8674 /* ViewController.m */ = {isa = PBXFileReference; lastKnownFileType = sourcecode.c.objc; path = ViewController.m; sourceTree = "<group>"; };
		FE6459BA1B2C8C61004F8674 /* Base */ = {isa = PBXFileReference; lastKnownFileType = file.storyboard; name = Base; path = Base.lproj/Main.storyboard; sourceTree = "<group>"; };
		FE6459BC1B2C8C61004F8674 /* Images.xcassets */ = {isa = PBXFileReference; lastKnownFileType = folder.assetcatalog; path = Images.xcassets; sourceTree = "<group>"; };
		FE6459BF1B2C8C61004F8674 /* Base */ = {isa = PBXFileReference; lastKnownFileType = file.xib; name = Base; path = Base.lproj/LaunchScreen.xib; sourceTree = "<group>"; };
		FE6459C51B2C8C61004F8674 /* TnEObjectiveCHelpersTests.xctest */ = {isa = PBXFileReference; explicitFileType = wrapper.cfbundle; includeInIndex = 0; path = TnEObjectiveCHelpersTests.xctest; sourceTree = BUILT_PRODUCTS_DIR; };
		FE6459CA1B2C8C61004F8674 /* Info.plist */ = {isa = PBXFileReference; lastKnownFileType = text.plist.xml; path = Info.plist; sourceTree = "<group>"; };
		FE6459CB1B2C8C61004F8674 /* TnEObjectiveCHelpersTests.m */ = {isa = PBXFileReference; lastKnownFileType = sourcecode.c.objc; path = TnEObjectiveCHelpersTests.m; sourceTree = "<group>"; };
		FE6459E41B2D4C04004F8674 /* UIColor+TnE.h */ = {isa = PBXFileReference; fileEncoding = 4; lastKnownFileType = sourcecode.c.h; path = "UIColor+TnE.h"; sourceTree = "<group>"; };
		FE6459E51B2D4C04004F8674 /* UIColor+TnE.m */ = {isa = PBXFileReference; fileEncoding = 4; lastKnownFileType = sourcecode.c.objc; path = "UIColor+TnE.m"; sourceTree = "<group>"; };
		FED714961B2E971A0023BD3A /* NSString+TnE.h */ = {isa = PBXFileReference; fileEncoding = 4; lastKnownFileType = sourcecode.c.h; path = "NSString+TnE.h"; sourceTree = "<group>"; };
		FED714971B2E971A0023BD3A /* NSString+TnE.m */ = {isa = PBXFileReference; fileEncoding = 4; lastKnownFileType = sourcecode.c.objc; path = "NSString+TnE.m"; sourceTree = "<group>"; };
/* End PBXFileReference section */

/* Begin PBXFrameworksBuildPhase section */
		FE6459A91B2C8C61004F8674 /* Frameworks */ = {
			isa = PBXFrameworksBuildPhase;
			buildActionMask = 2147483647;
			files = (
			);
			runOnlyForDeploymentPostprocessing = 0;
		};
		FE6459C21B2C8C61004F8674 /* Frameworks */ = {
			isa = PBXFrameworksBuildPhase;
			buildActionMask = 2147483647;
			files = (
			);
			runOnlyForDeploymentPostprocessing = 0;
		};
/* End PBXFrameworksBuildPhase section */

/* Begin PBXGroup section */
		FE6459A31B2C8C61004F8674 = {
			isa = PBXGroup;
			children = (
				FE6459E31B2D4C04004F8674 /* Classes */,
				FE6459AE1B2C8C61004F8674 /* TnEObjectiveCHelpers */,
				FE6459C81B2C8C61004F8674 /* TnEObjectiveCHelpersTests */,
				FE6459AD1B2C8C61004F8674 /* Products */,
			);
			sourceTree = "<group>";
		};
		FE6459AD1B2C8C61004F8674 /* Products */ = {
			isa = PBXGroup;
			children = (
				FE6459AC1B2C8C61004F8674 /* TnEObjectiveCHelpers.app */,
				FE6459C51B2C8C61004F8674 /* TnEObjectiveCHelpersTests.xctest */,
			);
			name = Products;
			sourceTree = "<group>";
		};
		FE6459AE1B2C8C61004F8674 /* TnEObjectiveCHelpers */ = {
			isa = PBXGroup;
			children = (
				FE6459B31B2C8C61004F8674 /* AppDelegate.h */,
				FE6459B41B2C8C61004F8674 /* AppDelegate.m */,
				FE6459B61B2C8C61004F8674 /* ViewController.h */,
				FE6459B71B2C8C61004F8674 /* ViewController.m */,
				FE6459B91B2C8C61004F8674 /* Main.storyboard */,
				FE6459BC1B2C8C61004F8674 /* Images.xcassets */,
				FE6459BE1B2C8C61004F8674 /* LaunchScreen.xib */,
				FE6459AF1B2C8C61004F8674 /* Supporting Files */,
			);
			path = TnEObjectiveCHelpers;
			sourceTree = "<group>";
		};
		FE6459AF1B2C8C61004F8674 /* Supporting Files */ = {
			isa = PBXGroup;
			children = (
				FE6459B01B2C8C61004F8674 /* Info.plist */,
				FE6459B11B2C8C61004F8674 /* main.m */,
			);
			name = "Supporting Files";
			sourceTree = "<group>";
		};
		FE6459C81B2C8C61004F8674 /* TnEObjectiveCHelpersTests */ = {
			isa = PBXGroup;
			children = (
				FE6459CB1B2C8C61004F8674 /* TnEObjectiveCHelpersTests.m */,
				FE6459C91B2C8C61004F8674 /* Supporting Files */,
			);
			path = TnEObjectiveCHelpersTests;
			sourceTree = "<group>";
		};
		FE6459C91B2C8C61004F8674 /* Supporting Files */ = {
			isa = PBXGroup;
			children = (
				FE6459CA1B2C8C61004F8674 /* Info.plist */,
			);
			name = "Supporting Files";
			sourceTree = "<group>";
		};
		FE6459E31B2D4C04004F8674 /* Classes */ = {
			isa = PBXGroup;
			children = (
				FE6459E41B2D4C04004F8674 /* UIColor+TnE.h */,
				FE6459E51B2D4C04004F8674 /* UIColor+TnE.m */,
				FED714961B2E971A0023BD3A /* NSString+TnE.h */,
				FED714971B2E971A0023BD3A /* NSString+TnE.m */,
			);
			name = Classes;
			path = ../Classes;
			sourceTree = "<group>";
		};
/* End PBXGroup section */

/* Begin PBXNativeTarget section */
		FE6459AB1B2C8C61004F8674 /* TnEObjectiveCHelpers */ = {
			isa = PBXNativeTarget;
			buildConfigurationList = FE6459CF1B2C8C61004F8674 /* Build configuration list for PBXNativeTarget "TnEObjectiveCHelpers" */;
			buildPhases = (
				FE6459A81B2C8C61004F8674 /* Sources */,
				FE6459A91B2C8C61004F8674 /* Frameworks */,
				FE6459AA1B2C8C61004F8674 /* Resources */,
			);
			buildRules = (
			);
			dependencies = (
			);
			name = TnEObjectiveCHelpers;
			productName = TnEObjectiveCHelpers;
			productReference = FE6459AC1B2C8C61004F8674 /* TnEObjectiveCHelpers.app */;
			productType = "com.apple.product-type.application";
		};
		FE6459C41B2C8C61004F8674 /* TnEObjectiveCHelpersTests */ = {
			isa = PBXNativeTarget;
			buildConfigurationList = FE6459D21B2C8C61004F8674 /* Build configuration list for PBXNativeTarget "TnEObjectiveCHelpersTests" */;
			buildPhases = (
				FE6459C11B2C8C61004F8674 /* Sources */,
				FE6459C21B2C8C61004F8674 /* Frameworks */,
				FE6459C31B2C8C61004F8674 /* Resources */,
			);
			buildRules = (
			);
			dependencies = (
				FE6459C71B2C8C61004F8674 /* PBXTargetDependency */,
			);
			name = TnEObjectiveCHelpersTests;
			productName = TnEObjectiveCHelpersTests;
			productReference = FE6459C51B2C8C61004F8674 /* TnEObjectiveCHelpersTests.xctest */;
			productType = "com.apple.product-type.bundle.unit-test";
		};
/* End PBXNativeTarget section */

/* Begin PBXProject section */
		FE6459A41B2C8C61004F8674 /* Project object */ = {
			isa = PBXProject;
			attributes = {
				LastUpgradeCheck = 0630;
				ORGANIZATIONNAME = None;
				TargetAttributes = {
					FE6459AB1B2C8C61004F8674 = {
						CreatedOnToolsVersion = 6.3.1;
					};
					FE6459C41B2C8C61004F8674 = {
						CreatedOnToolsVersion = 6.3.1;
						TestTargetID = FE6459AB1B2C8C61004F8674;
					};
				};
			};
			buildConfigurationList = FE6459A71B2C8C61004F8674 /* Build configuration list for PBXProject "TnEObjectiveCHelpers" */;
			compatibilityVersion = "Xcode 3.2";
			developmentRegion = English;
			hasScannedForEncodings = 0;
			knownRegions = (
				en,
				Base,
			);
			mainGroup = FE6459A31B2C8C61004F8674;
			productRefGroup = FE6459AD1B2C8C61004F8674 /* Products */;
			projectDirPath = "";
			projectRoot = "";
			targets = (
				FE6459AB1B2C8C61004F8674 /* TnEObjectiveCHelpers */,
				FE6459C41B2C8C61004F8674 /* TnEObjectiveCHelpersTests */,
			);
		};
/* End PBXProject section */

/* Begin PBXResourcesBuildPhase section */
		FE6459AA1B2C8C61004F8674 /* Resources */ = {
			isa = PBXResourcesBuildPhase;
			buildActionMask = 2147483647;
			files = (
				FE6459BB1B2C8C61004F8674 /* Main.storyboard in Resources */,
				FE6459C01B2C8C61004F8674 /* LaunchScreen.xib in Resources */,
				FE6459BD1B2C8C61004F8674 /* Images.xcassets in Resources */,
			);
			runOnlyForDeploymentPostprocessing = 0;
		};
		FE6459C31B2C8C61004F8674 /* Resources */ = {
			isa = PBXResourcesBuildPhase;
			buildActionMask = 2147483647;
			files = (
			);
			runOnlyForDeploymentPostprocessing = 0;
		};
/* End PBXResourcesBuildPhase section */

/* Begin PBXSourcesBuildPhase section */
		FE6459A81B2C8C61004F8674 /* Sources */ = {
			isa = PBXSourcesBuildPhase;
			buildActionMask = 2147483647;
			files = (
				FE6459B81B2C8C61004F8674 /* ViewController.m in Sources */,
				FE6459B51B2C8C61004F8674 /* AppDelegate.m in Sources */,
				FED714981B2E971A0023BD3A /* NSString+TnE.m in Sources */,
				FE6459B21B2C8C61004F8674 /* main.m in Sources */,
				FE6459E61B2D4C04004F8674 /* UIColor+TnE.m in Sources */,
			);
			runOnlyForDeploymentPostprocessing = 0;
		};
		FE6459C11B2C8C61004F8674 /* Sources */ = {
			isa = PBXSourcesBuildPhase;
			buildActionMask = 2147483647;
			files = (
				FE6459CC1B2C8C61004F8674 /* TnEObjectiveCHelpersTests.m in Sources */,
			);
			runOnlyForDeploymentPostprocessing = 0;
		};
/* End PBXSourcesBuildPhase section */

/* Begin PBXTargetDependency section */
		FE6459C71B2C8C61004F8674 /* PBXTargetDependency */ = {
			isa = PBXTargetDependency;
			target = FE6459AB1B2C8C61004F8674 /* TnEObjectiveCHelpers */;
			targetProxy = FE6459C61B2C8C61004F8674 /* PBXContainerItemProxy */;
		};
/* End PBXTargetDependency section */

/* Begin PBXVariantGroup section */
		FE6459B91B2C8C61004F8674 /* Main.storyboard */ = {
			isa = PBXVariantGroup;
			children = (
				FE6459BA1B2C8C61004F8674 /* Base */,
			);
			name = Main.storyboard;
			sourceTree = "<group>";
		};
		FE6459BE1B2C8C61004F8674 /* LaunchScreen.xib */ = {
			isa = PBXVariantGroup;
			children = (
				FE6459BF1B2C8C61004F8674 /* Base */,
			);
			name = LaunchScreen.xib;
			sourceTree = "<group>";
		};
/* End PBXVariantGroup section */

/* Begin XCBuildConfiguration section */
		FE6459CD1B2C8C61004F8674 /* Debug */ = {
			isa = XCBuildConfiguration;
			buildSettings = {
				ALWAYS_SEARCH_USER_PATHS = NO;
				CLANG_CXX_LANGUAGE_STANDARD = "gnu++0x";
				CLANG_CXX_LIBRARY = "libc++";
				CLANG_ENABLE_MODULES = YES;
				CLANG_ENABLE_OBJC_ARC = YES;
				CLANG_WARN_BOOL_CONVERSION = YES;
				CLANG_WARN_CONSTANT_CONVERSION = YES;
				CLANG_WARN_DIRECT_OBJC_ISA_USAGE = YES_ERROR;
				CLANG_WARN_EMPTY_BODY = YES;
				CLANG_WARN_ENUM_CONVERSION = YES;
				CLANG_WARN_INT_CONVERSION = YES;
				CLANG_WARN_OBJC_ROOT_CLASS = YES_ERROR;
				CLANG_WARN_UNREACHABLE_CODE = YES;
				CLANG_WARN__DUPLICATE_METHOD_MATCH = YES;
				"CODE_SIGN_IDENTITY[sdk=iphoneos*]" = "iPhone Developer";
				COPY_PHASE_STRIP = NO;
				DEBUG_INFORMATION_FORMAT = "dwarf-with-dsym";
				ENABLE_STRICT_OBJC_MSGSEND = YES;
				GCC_C_LANGUAGE_STANDARD = gnu99;
				GCC_DYNAMIC_NO_PIC = NO;
				GCC_NO_COMMON_BLOCKS = YES;
				GCC_OPTIMIZATION_LEVEL = 0;
				GCC_PREPROCESSOR_DEFINITIONS = (
					"DEBUG=1",
					"$(inherited)",
				);
				GCC_SYMBOLS_PRIVATE_EXTERN = NO;
				GCC_WARN_64_TO_32_BIT_CONVERSION = YES;
				GCC_WARN_ABOUT_RETURN_TYPE = YES_ERROR;
				GCC_WARN_UNDECLARED_SELECTOR = YES;
				GCC_WARN_UNINITIALIZED_AUTOS = YES_AGGRESSIVE;
				GCC_WARN_UNUSED_FUNCTION = YES;
				GCC_WARN_UNUSED_VARIABLE = YES;
				IPHONEOS_DEPLOYMENT_TARGET = 8.3;
				MTL_ENABLE_DEBUG_INFO = YES;
				ONLY_ACTIVE_ARCH = YES;
				SDKROOT = iphoneos;
				TARGETED_DEVICE_FAMILY = "1,2";
			};
			name = Debug;
		};
		FE6459CE1B2C8C61004F8674 /* Release */ = {
			isa = XCBuildConfiguration;
			buildSettings = {
				ALWAYS_SEARCH_USER_PATHS = NO;
				CLANG_CXX_LANGUAGE_STANDARD = "gnu++0x";
				CLANG_CXX_LIBRARY = "libc++";
				CLANG_ENABLE_MODULES = YES;
				CLANG_ENABLE_OBJC_ARC = YES;
				CLANG_WARN_BOOL_CONVERSION = YES;
				CLANG_WARN_CONSTANT_CONVERSION = YES;
				CLANG_WARN_DIRECT_OBJC_ISA_USAGE = YES_ERROR;
				CLANG_WARN_EMPTY_BODY = YES;
				CLANG_WARN_ENUM_CONVERSION = YES;
				CLANG_WARN_INT_CONVERSION = YES;
				CLANG_WARN_OBJC_ROOT_CLASS = YES_ERROR;
				CLANG_WARN_UNREACHABLE_CODE = YES;
				CLANG_WARN__DUPLICATE_METHOD_MATCH = YES;
				"CODE_SIGN_IDENTITY[sdk=iphoneos*]" = "iPhone Developer";
				COPY_PHASE_STRIP = NO;
				DEBUG_INFORMATION_FORMAT = "dwarf-with-dsym";
				ENABLE_NS_ASSERTIONS = NO;
				ENABLE_STRICT_OBJC_MSGSEND = YES;
				GCC_C_LANGUAGE_STANDARD = gnu99;
				GCC_NO_COMMON_BLOCKS = YES;
				GCC_WARN_64_TO_32_BIT_CONVERSION = YES;
				GCC_WARN_ABOUT_RETURN_TYPE = YES_ERROR;
				GCC_WARN_UNDECLARED_SELECTOR = YES;
				GCC_WARN_UNINITIALIZED_AUTOS = YES_AGGRESSIVE;
				GCC_WARN_UNUSED_FUNCTION = YES;
				GCC_WARN_UNUSED_VARIABLE = YES;
				IPHONEOS_DEPLOYMENT_TARGET = 8.3;
				MTL_ENABLE_DEBUG_INFO = NO;
				SDKROOT = iphoneos;
				TARGETED_DEVICE_FAMILY = "1,2";
				VALIDATE_PRODUCT = YES;
			};
			name = Release;
		};
		FE6459D01B2C8C61004F8674 /* Debug */ = {
			isa = XCBuildConfiguration;
			buildSettings = {
				ASSETCATALOG_COMPILER_APPICON_NAME = AppIcon;
				INFOPLIST_FILE = TnEObjectiveCHelpers/Info.plist;
				LD_RUNPATH_SEARCH_PATHS = "$(inherited) @executable_path/Frameworks";
				PRODUCT_NAME = "$(TARGET_NAME)";
			};
			name = Debug;
		};
		FE6459D11B2C8C61004F8674 /* Release */ = {
			isa = XCBuildConfiguration;
			buildSettings = {
				ASSETCATALOG_COMPILER_APPICON_NAME = AppIcon;
				INFOPLIST_FILE = TnEObjectiveCHelpers/Info.plist;
				LD_RUNPATH_SEARCH_PATHS = "$(inherited) @executable_path/Frameworks";
				PRODUCT_NAME = "$(TARGET_NAME)";
			};
			name = Release;
		};
		FE6459D31B2C8C61004F8674 /* Debug */ = {
			isa = XCBuildConfiguration;
			buildSettings = {
				BUNDLE_LOADER = "$(TEST_HOST)";
				FRAMEWORK_SEARCH_PATHS = (
					"$(SDKROOT)/Developer/Library/Frameworks",
					"$(inherited)",
				);
				GCC_PREPROCESSOR_DEFINITIONS = (
					"DEBUG=1",
					"$(inherited)",
				);
				INFOPLIST_FILE = TnEObjectiveCHelpersTests/Info.plist;
				LD_RUNPATH_SEARCH_PATHS = "$(inherited) @executable_path/Frameworks @loader_path/Frameworks";
				PRODUCT_NAME = "$(TARGET_NAME)";
				TEST_HOST = "$(BUILT_PRODUCTS_DIR)/TnEObjectiveCHelpers.app/TnEObjectiveCHelpers";
			};
			name = Debug;
		};
		FE6459D41B2C8C61004F8674 /* Release */ = {
			isa = XCBuildConfiguration;
			buildSettings = {
				BUNDLE_LOADER = "$(TEST_HOST)";
				FRAMEWORK_SEARCH_PATHS = (
					"$(SDKROOT)/Developer/Library/Frameworks",
					"$(inherited)",
				);
				INFOPLIST_FILE = TnEObjectiveCHelpersTests/Info.plist;
				LD_RUNPATH_SEARCH_PATHS = "$(inherited) @executable_path/Frameworks @loader_path/Frameworks";
				PRODUCT_NAME = "$(TARGET_NAME)";
				TEST_HOST = "$(BUILT_PRODUCTS_DIR)/TnEObjectiveCHelpers.app/TnEObjectiveCHelpers";
			};
			name = Release;
		};
/* End XCBuildConfiguration section */

/* Begin XCConfigurationList section */
		FE6459A71B2C8C61004F8674 /* Build configuration list for PBXProject "TnEObjectiveCHelpers" */ = {
			isa = XCConfigurationList;
			buildConfigurations = (
				FE6459CD1B2C8C61004F8674 /* Debug */,
				FE6459CE1B2C8C61004F8674 /* Release */,
			);
			defaultConfigurationIsVisible = 0;
			defaultConfigurationName = Release;
		};
		FE6459CF1B2C8C61004F8674 /* Build configuration list for PBXNativeTarget "TnEObjectiveCHelpers" */ = {
			isa = XCConfigurationList;
			buildConfigurations = (
				FE6459D01B2C8C61004F8674 /* Debug */,
				FE6459D11B2C8C61004F8674 /* Release */,
			);
			defaultConfigurationIsVisible = 0;
			defaultConfigurationName = Release;
		};
		FE6459D21B2C8C61004F8674 /* Build configuration list for PBXNativeTarget "TnEObjectiveCHelpersTests" */ = {
			isa = XCConfigurationList;
			buildConfigurations = (
				FE6459D31B2C8C61004F8674 /* Debug */,
				FE6459D41B2C8C61004F8674 /* Release */,
			);
			defaultConfigurationIsVisible = 0;
			defaultConfigurationName = Release;
		};
/* End XCConfigurationList section */
	};
	rootObject = FE6459A41B2C8C61004F8674 /* Project object */;
}
